// !$*UTF8*$!
{
	archiveVersion = 1;
	classes = {
	};
	objectVersion = 48;
	objects = {

/* Begin PBXBuildFile section */
		430511272021B9050050B8F1 /* UIColor+DMUI.m in Sources */ = {isa = PBXBuildFile; fileRef = 430511262021B9050050B8F1 /* UIColor+DMUI.m */; };
		4305112A2021B9610050B8F1 /* UIView+DMUI.m in Sources */ = {isa = PBXBuildFile; fileRef = 430511292021B9610050B8F1 /* UIView+DMUI.m */; };
		4392EC1E1FF1EE2F00F2A5F4 /* AppDelegate.m in Sources */ = {isa = PBXBuildFile; fileRef = 4392EC1D1FF1EE2F00F2A5F4 /* AppDelegate.m */; };
		4392EC211FF1EE2F00F2A5F4 /* ViewController.m in Sources */ = {isa = PBXBuildFile; fileRef = 4392EC201FF1EE2F00F2A5F4 /* ViewController.m */; };
		4392EC241FF1EE2F00F2A5F4 /* Main.storyboard in Resources */ = {isa = PBXBuildFile; fileRef = 4392EC221FF1EE2F00F2A5F4 /* Main.storyboard */; };
		4392EC261FF1EE2F00F2A5F4 /* Assets.xcassets in Resources */ = {isa = PBXBuildFile; fileRef = 4392EC251FF1EE2F00F2A5F4 /* Assets.xcassets */; };
		4392EC291FF1EE2F00F2A5F4 /* LaunchScreen.storyboard in Resources */ = {isa = PBXBuildFile; fileRef = 4392EC271FF1EE2F00F2A5F4 /* LaunchScreen.storyboard */; };
		4392EC2C1FF1EE2F00F2A5F4 /* main.m in Sources */ = {isa = PBXBuildFile; fileRef = 4392EC2B1FF1EE2F00F2A5F4 /* main.m */; };
		4392EC361FF1EE3000F2A5F4 /* DMUIButtonDemoTests.m in Sources */ = {isa = PBXBuildFile; fileRef = 4392EC351FF1EE3000F2A5F4 /* DMUIButtonDemoTests.m */; };
		4392EC411FF1EE3000F2A5F4 /* DMUIButtonDemoUITests.m in Sources */ = {isa = PBXBuildFile; fileRef = 4392EC401FF1EE3000F2A5F4 /* DMUIButtonDemoUITests.m */; };
		4392EC501FF1EE5300F2A5F4 /* DMUIButton.m in Sources */ = {isa = PBXBuildFile; fileRef = 4392EC4F1FF1EE5300F2A5F4 /* DMUIButton.m */; };
/* End PBXBuildFile section */

/* Begin PBXContainerItemProxy section */
		4392EC321FF1EE3000F2A5F4 /* PBXContainerItemProxy */ = {
			isa = PBXContainerItemProxy;
			containerPortal = 4392EC111FF1EE2F00F2A5F4 /* Project object */;
			proxyType = 1;
			remoteGlobalIDString = 4392EC181FF1EE2F00F2A5F4;
			remoteInfo = DMUIButtonDemo;
		};
		4392EC3D1FF1EE3000F2A5F4 /* PBXContainerItemProxy */ = {
			isa = PBXContainerItemProxy;
			containerPortal = 4392EC111FF1EE2F00F2A5F4 /* Project object */;
			proxyType = 1;
			remoteGlobalIDString = 4392EC181FF1EE2F00F2A5F4;
			remoteInfo = DMUIButtonDemo;
		};
/* End PBXContainerItemProxy section */

/* Begin PBXFileReference section */
		430511252021B9050050B8F1 /* UIColor+DMUI.h */ = {isa = PBXFileReference; lastKnownFileType = sourcecode.c.h; path = "UIColor+DMUI.h"; sourceTree = "<group>"; };
		430511262021B9050050B8F1 /* UIColor+DMUI.m */ = {isa = PBXFileReference; lastKnownFileType = sourcecode.c.objc; path = "UIColor+DMUI.m"; sourceTree = "<group>"; };
		430511282021B9610050B8F1 /* UIView+DMUI.h */ = {isa = PBXFileReference; lastKnownFileType = sourcecode.c.h; path = "UIView+DMUI.h"; sourceTree = "<group>"; };
		430511292021B9610050B8F1 /* UIView+DMUI.m */ = {isa = PBXFileReference; lastKnownFileType = sourcecode.c.objc; path = "UIView+DMUI.m"; sourceTree = "<group>"; };
		4392EC191FF1EE2F00F2A5F4 /* DMUIButtonDemo.app */ = {isa = PBXFileReference; explicitFileType = wrapper.application; includeInIndex = 0; path = DMUIButtonDemo.app; sourceTree = BUILT_PRODUCTS_DIR; };
		4392EC1C1FF1EE2F00F2A5F4 /* AppDelegate.h */ = {isa = PBXFileReference; lastKnownFileType = sourcecode.c.h; path = AppDelegate.h; sourceTree = "<group>"; };
		4392EC1D1FF1EE2F00F2A5F4 /* AppDelegate.m */ = {isa = PBXFileReference; lastKnownFileType = sourcecode.c.objc; path = AppDelegate.m; sourceTree = "<group>"; };
		4392EC1F1FF1EE2F00F2A5F4 /* ViewController.h */ = {isa = PBXFileReference; lastKnownFileType = sourcecode.c.h; path = ViewController.h; sourceTree = "<group>"; };
		4392EC201FF1EE2F00F2A5F4 /* ViewController.m */ = {isa = PBXFileReference; lastKnownFileType = sourcecode.c.objc; path = ViewController.m; sourceTree = "<group>"; };
		4392EC231FF1EE2F00F2A5F4 /* Base */ = {isa = PBXFileReference; lastKnownFileType = file.storyboard; name = Base; path = Base.lproj/Main.storyboard; sourceTree = "<group>"; };
		4392EC251FF1EE2F00F2A5F4 /* Assets.xcassets */ = {isa = PBXFileReference; lastKnownFileType = folder.assetcatalog; path = Assets.xcassets; sourceTree = "<group>"; };
		4392EC281FF1EE2F00F2A5F4 /* Base */ = {isa = PBXFileReference; lastKnownFileType = file.storyboard; name = Base; path = Base.lproj/LaunchScreen.storyboard; sourceTree = "<group>"; };
		4392EC2A1FF1EE2F00F2A5F4 /* Info.plist */ = {isa = PBXFileReference; lastKnownFileType = text.plist.xml; path = Info.plist; sourceTree = "<group>"; };
		4392EC2B1FF1EE2F00F2A5F4 /* main.m */ = {isa = PBXFileReference; lastKnownFileType = sourcecode.c.objc; path = main.m; sourceTree = "<group>"; };
		4392EC311FF1EE3000F2A5F4 /* DMUIButtonDemoTests.xctest */ = {isa = PBXFileReference; explicitFileType = wrapper.cfbundle; includeInIndex = 0; path = DMUIButtonDemoTests.xctest; sourceTree = BUILT_PRODUCTS_DIR; };
		4392EC351FF1EE3000F2A5F4 /* DMUIButtonDemoTests.m */ = {isa = PBXFileReference; lastKnownFileType = sourcecode.c.objc; path = DMUIButtonDemoTests.m; sourceTree = "<group>"; };
		4392EC371FF1EE3000F2A5F4 /* Info.plist */ = {isa = PBXFileReference; lastKnownFileType = text.plist.xml; path = Info.plist; sourceTree = "<group>"; };
		4392EC3C1FF1EE3000F2A5F4 /* DMUIButtonDemoUITests.xctest */ = {isa = PBXFileReference; explicitFileType = wrapper.cfbundle; includeInIndex = 0; path = DMUIButtonDemoUITests.xctest; sourceTree = BUILT_PRODUCTS_DIR; };
		4392EC401FF1EE3000F2A5F4 /* DMUIButtonDemoUITests.m */ = {isa = PBXFileReference; lastKnownFileType = sourcecode.c.objc; path = DMUIButtonDemoUITests.m; sourceTree = "<group>"; };
		4392EC421FF1EE3000F2A5F4 /* Info.plist */ = {isa = PBXFileReference; lastKnownFileType = text.plist.xml; path = Info.plist; sourceTree = "<group>"; };
		4392EC4E1FF1EE5300F2A5F4 /* DMUIButton.h */ = {isa = PBXFileReference; lastKnownFileType = sourcecode.c.h; path = DMUIButton.h; sourceTree = "<group>"; };
		4392EC4F1FF1EE5300F2A5F4 /* DMUIButton.m */ = {isa = PBXFileReference; lastKnownFileType = sourcecode.c.objc; path = DMUIButton.m; sourceTree = "<group>"; };
/* End PBXFileReference section */

/* Begin PBXFrameworksBuildPhase section */
		4392EC161FF1EE2F00F2A5F4 /* Frameworks */ = {
			isa = PBXFrameworksBuildPhase;
			buildActionMask = 2147483647;
			files = (
			);
			runOnlyForDeploymentPostprocessing = 0;
		};
		4392EC2E1FF1EE3000F2A5F4 /* Frameworks */ = {
			isa = PBXFrameworksBuildPhase;
			buildActionMask = 2147483647;
			files = (
			);
			runOnlyForDeploymentPostprocessing = 0;
		};
		4392EC391FF1EE3000F2A5F4 /* Frameworks */ = {
			isa = PBXFrameworksBuildPhase;
			buildActionMask = 2147483647;
			files = (
			);
			runOnlyForDeploymentPostprocessing = 0;
		};
/* End PBXFrameworksBuildPhase section */

/* Begin PBXGroup section */
		4392EC101FF1EE2F00F2A5F4 = {
			isa = PBXGroup;
			children = (
				4392EC1B1FF1EE2F00F2A5F4 /* DMUIButtonDemo */,
				4392EC341FF1EE3000F2A5F4 /* DMUIButtonDemoTests */,
				4392EC3F1FF1EE3000F2A5F4 /* DMUIButtonDemoUITests */,
				4392EC1A1FF1EE2F00F2A5F4 /* Products */,
			);
			sourceTree = "<group>";
		};
		4392EC1A1FF1EE2F00F2A5F4 /* Products */ = {
			isa = PBXGroup;
			children = (
				4392EC191FF1EE2F00F2A5F4 /* DMUIButtonDemo.app */,
				4392EC311FF1EE3000F2A5F4 /* DMUIButtonDemoTests.xctest */,
				4392EC3C1FF1EE3000F2A5F4 /* DMUIButtonDemoUITests.xctest */,
			);
			name = Products;
			sourceTree = "<group>";
		};
		4392EC1B1FF1EE2F00F2A5F4 /* DMUIButtonDemo */ = {
			isa = PBXGroup;
			children = (
				4392EC1C1FF1EE2F00F2A5F4 /* AppDelegate.h */,
				4392EC1D1FF1EE2F00F2A5F4 /* AppDelegate.m */,
				4392EC1F1FF1EE2F00F2A5F4 /* ViewController.h */,
				4392EC201FF1EE2F00F2A5F4 /* ViewController.m */,
				430511252021B9050050B8F1 /* UIColor+DMUI.h */,
				430511262021B9050050B8F1 /* UIColor+DMUI.m */,
				430511282021B9610050B8F1 /* UIView+DMUI.h */,
				430511292021B9610050B8F1 /* UIView+DMUI.m */,
				4392EC4E1FF1EE5300F2A5F4 /* DMUIButton.h */,
				4392EC4F1FF1EE5300F2A5F4 /* DMUIButton.m */,
				4392EC221FF1EE2F00F2A5F4 /* Main.storyboard */,
				4392EC251FF1EE2F00F2A5F4 /* Assets.xcassets */,
				4392EC271FF1EE2F00F2A5F4 /* LaunchScreen.storyboard */,
				4392EC2A1FF1EE2F00F2A5F4 /* Info.plist */,
				4392EC2B1FF1EE2F00F2A5F4 /* main.m */,
			);
			path = DMUIButtonDemo;
			sourceTree = "<group>";
		};
		4392EC341FF1EE3000F2A5F4 /* DMUIButtonDemoTests */ = {
			isa = PBXGroup;
			children = (
				4392EC351FF1EE3000F2A5F4 /* DMUIButtonDemoTests.m */,
				4392EC371FF1EE3000F2A5F4 /* Info.plist */,
			);
			path = DMUIButtonDemoTests;
			sourceTree = "<group>";
		};
		4392EC3F1FF1EE3000F2A5F4 /* DMUIButtonDemoUITests */ = {
			isa = PBXGroup;
			children = (
				4392EC401FF1EE3000F2A5F4 /* DMUIButtonDemoUITests.m */,
				4392EC421FF1EE3000F2A5F4 /* Info.plist */,
			);
			path = DMUIButtonDemoUITests;
			sourceTree = "<group>";
		};
/* End PBXGroup section */

/* Begin PBXNativeTarget section */
		4392EC181FF1EE2F00F2A5F4 /* DMUIButtonDemo */ = {
			isa = PBXNativeTarget;
			buildConfigurationList = 4392EC451FF1EE3000F2A5F4 /* Build configuration list for PBXNativeTarget "DMUIButtonDemo" */;
			buildPhases = (
				4392EC151FF1EE2F00F2A5F4 /* Sources */,
				4392EC161FF1EE2F00F2A5F4 /* Frameworks */,
				4392EC171FF1EE2F00F2A5F4 /* Resources */,
			);
			buildRules = (
			);
			dependencies = (
			);
			name = DMUIButtonDemo;
			productName = DMUIButtonDemo;
			productReference = 4392EC191FF1EE2F00F2A5F4 /* DMUIButtonDemo.app */;
			productType = "com.apple.product-type.application";
		};
		4392EC301FF1EE3000F2A5F4 /* DMUIButtonDemoTests */ = {
			isa = PBXNativeTarget;
			buildConfigurationList = 4392EC481FF1EE3000F2A5F4 /* Build configuration list for PBXNativeTarget "DMUIButtonDemoTests" */;
			buildPhases = (
				4392EC2D1FF1EE3000F2A5F4 /* Sources */,
				4392EC2E1FF1EE3000F2A5F4 /* Frameworks */,
				4392EC2F1FF1EE3000F2A5F4 /* Resources */,
			);
			buildRules = (
			);
			dependencies = (
				4392EC331FF1EE3000F2A5F4 /* PBXTargetDependency */,
			);
			name = DMUIButtonDemoTests;
			productName = DMUIButtonDemoTests;
			productReference = 4392EC311FF1EE3000F2A5F4 /* DMUIButtonDemoTests.xctest */;
			productType = "com.apple.product-type.bundle.unit-test";
		};
		4392EC3B1FF1EE3000F2A5F4 /* DMUIButtonDemoUITests */ = {
			isa = PBXNativeTarget;
			buildConfigurationList = 4392EC4B1FF1EE3000F2A5F4 /* Build configuration list for PBXNativeTarget "DMUIButtonDemoUITests" */;
			buildPhases = (
				4392EC381FF1EE3000F2A5F4 /* Sources */,
				4392EC391FF1EE3000F2A5F4 /* Frameworks */,
				4392EC3A1FF1EE3000F2A5F4 /* Resources */,
			);
			buildRules = (
			);
			dependencies = (
				4392EC3E1FF1EE3000F2A5F4 /* PBXTargetDependency */,
			);
			name = DMUIButtonDemoUITests;
			productName = DMUIButtonDemoUITests;
			productReference = 4392EC3C1FF1EE3000F2A5F4 /* DMUIButtonDemoUITests.xctest */;
			productType = "com.apple.product-type.bundle.ui-testing";
		};
/* End PBXNativeTarget section */

/* Begin PBXProject section */
		4392EC111FF1EE2F00F2A5F4 /* Project object */ = {
			isa = PBXProject;
			attributes = {
				LastUpgradeCheck = 0920;
				ORGANIZATIONNAME = "王保霖";
				TargetAttributes = {
					4392EC181FF1EE2F00F2A5F4 = {
						CreatedOnToolsVersion = 9.2;
						ProvisioningStyle = Automatic;
					};
					4392EC301FF1EE3000F2A5F4 = {
						CreatedOnToolsVersion = 9.2;
						ProvisioningStyle = Automatic;
						TestTargetID = 4392EC181FF1EE2F00F2A5F4;
					};
					4392EC3B1FF1EE3000F2A5F4 = {
						CreatedOnToolsVersion = 9.2;
						ProvisioningStyle = Automatic;
						TestTargetID = 4392EC181FF1EE2F00F2A5F4;
					};
				};
			};
			buildConfigurationList = 4392EC141FF1EE2F00F2A5F4 /* Build configuration list for PBXProject "DMUIButtonDemo" */;
			compatibilityVersion = "Xcode 8.0";
			developmentRegion = en;
			hasScannedForEncodings = 0;
			knownRegions = (
				en,
				Base,
			);
			mainGroup = 4392EC101FF1EE2F00F2A5F4;
			productRefGroup = 4392EC1A1FF1EE2F00F2A5F4 /* Products */;
			projectDirPath = "";
			projectRoot = "";
			targets = (
				4392EC181FF1EE2F00F2A5F4 /* DMUIButtonDemo */,
				4392EC301FF1EE3000F2A5F4 /* DMUIButtonDemoTests */,
				4392EC3B1FF1EE3000F2A5F4 /* DMUIButtonDemoUITests */,
			);
		};
/* End PBXProject section */

/* Begin PBXResourcesBuildPhase section */
		4392EC171FF1EE2F00F2A5F4 /* Resources */ = {
			isa = PBXResourcesBuildPhase;
			buildActionMask = 2147483647;
			files = (
				4392EC291FF1EE2F00F2A5F4 /* LaunchScreen.storyboard in Resources */,
				4392EC261FF1EE2F00F2A5F4 /* Assets.xcassets in Resources */,
				4392EC241FF1EE2F00F2A5F4 /* Main.storyboard in Resources */,
			);
			runOnlyForDeploymentPostprocessing = 0;
		};
		4392EC2F1FF1EE3000F2A5F4 /* Resources */ = {
			isa = PBXResourcesBuildPhase;
			buildActionMask = 2147483647;
			files = (
			);
			runOnlyForDeploymentPostprocessing = 0;
		};
		4392EC3A1FF1EE3000F2A5F4 /* Resources */ = {
			isa = PBXResourcesBuildPhase;
			buildActionMask = 2147483647;
			files = (
			);
			runOnlyForDeploymentPostprocessing = 0;
		};
/* End PBXResourcesBuildPhase section */

/* Begin PBXSourcesBuildPhase section */
		4392EC151FF1EE2F00F2A5F4 /* Sources */ = {
			isa = PBXSourcesBuildPhase;
			buildActionMask = 2147483647;
			files = (
				4392EC211FF1EE2F00F2A5F4 /* ViewController.m in Sources */,
				4392EC2C1FF1EE2F00F2A5F4 /* main.m in Sources */,
				4392EC501FF1EE5300F2A5F4 /* DMUIButton.m in Sources */,
				4305112A2021B9610050B8F1 /* UIView+DMUI.m in Sources */,
				4392EC1E1FF1EE2F00F2A5F4 /* AppDelegate.m in Sources */,
				430511272021B9050050B8F1 /* UIColor+DMUI.m in Sources */,
			);
			runOnlyForDeploymentPostprocessing = 0;
		};
		4392EC2D1FF1EE3000F2A5F4 /* Sources */ = {
			isa = PBXSourcesBuildPhase;
			buildActionMask = 2147483647;
			files = (
				4392EC361FF1EE3000F2A5F4 /* DMUIButtonDemoTests.m in Sources */,
			);
			runOnlyForDeploymentPostprocessing = 0;
		};
		4392EC381FF1EE3000F2A5F4 /* Sources */ = {
			isa = PBXSourcesBuildPhase;
			buildActionMask = 2147483647;
			files = (
				4392EC411FF1EE3000F2A5F4 /* DMUIButtonDemoUITests.m in Sources */,
			);
			runOnlyForDeploymentPostprocessing = 0;
		};
/* End PBXSourcesBuildPhase section */

/* Begin PBXTargetDependency section */
		4392EC331FF1EE3000F2A5F4 /* PBXTargetDependency */ = {
			isa = PBXTargetDependency;
			target = 4392EC181FF1EE2F00F2A5F4 /* DMUIButtonDemo */;
			targetProxy = 4392EC321FF1EE3000F2A5F4 /* PBXContainerItemProxy */;
		};
		4392EC3E1FF1EE3000F2A5F4 /* PBXTargetDependency */ = {
			isa = PBXTargetDependency;
			target = 4392EC181FF1EE2F00F2A5F4 /* DMUIButtonDemo */;
			targetProxy = 4392EC3D1FF1EE3000F2A5F4 /* PBXContainerItemProxy */;
		};
/* End PBXTargetDependency section */

/* Begin PBXVariantGroup section */
		4392EC221FF1EE2F00F2A5F4 /* Main.storyboard */ = {
			isa = PBXVariantGroup;
			children = (
				4392EC231FF1EE2F00F2A5F4 /* Base */,
			);
			name = Main.storyboard;
			sourceTree = "<group>";
		};
		4392EC271FF1EE2F00F2A5F4 /* LaunchScreen.storyboard */ = {
			isa = PBXVariantGroup;
			children = (
				4392EC281FF1EE2F00F2A5F4 /* Base */,
			);
			name = LaunchScreen.storyboard;
			sourceTree = "<group>";
		};
/* End PBXVariantGroup section */

/* Begin XCBuildConfiguration section */
		4392EC431FF1EE3000F2A5F4 /* Debug */ = {
			isa = XCBuildConfiguration;
			buildSettings = {
				ALWAYS_SEARCH_USER_PATHS = NO;
				CLANG_ANALYZER_NONNULL = YES;
				CLANG_ANALYZER_NUMBER_OBJECT_CONVERSION = YES_AGGRESSIVE;
				CLANG_CXX_LANGUAGE_STANDARD = "gnu++14";
				CLANG_CXX_LIBRARY = "libc++";
				CLANG_ENABLE_MODULES = YES;
				CLANG_ENABLE_OBJC_ARC = YES;
				CLANG_WARN_BLOCK_CAPTURE_AUTORELEASING = YES;
				CLANG_WARN_BOOL_CONVERSION = YES;
				CLANG_WARN_COMMA = YES;
				CLANG_WARN_CONSTANT_CONVERSION = YES;
				CLANG_WARN_DIRECT_OBJC_ISA_USAGE = YES_ERROR;
				CLANG_WARN_DOCUMENTATION_COMMENTS = YES;
				CLANG_WARN_EMPTY_BODY = YES;
				CLANG_WARN_ENUM_CONVERSION = YES;
				CLANG_WARN_INFINITE_RECURSION = YES;
				CLANG_WARN_INT_CONVERSION = YES;
				CLANG_WARN_NON_LITERAL_NULL_CONVERSION = YES;
				CLANG_WARN_OBJC_LITERAL_CONVERSION = YES;
				CLANG_WARN_OBJC_ROOT_CLASS = YES_ERROR;
				CLANG_WARN_RANGE_LOOP_ANALYSIS = YES;
				CLANG_WARN_STRICT_PROTOTYPES = YES;
				CLANG_WARN_SUSPICIOUS_MOVE = YES;
				CLANG_WARN_UNGUARDED_AVAILABILITY = YES_AGGRESSIVE;
				CLANG_WARN_UNREACHABLE_CODE = YES;
				CLANG_WARN__DUPLICATE_METHOD_MATCH = YES;
				CODE_SIGN_IDENTITY = "iPhone Developer";
				COPY_PHASE_STRIP = NO;
				DEBUG_INFORMATION_FORMAT = dwarf;
				ENABLE_STRICT_OBJC_MSGSEND = YES;
				ENABLE_TESTABILITY = YES;
				GCC_C_LANGUAGE_STANDARD = gnu11;
				GCC_DYNAMIC_NO_PIC = NO;
				GCC_NO_COMMON_BLOCKS = YES;
				GCC_OPTIMIZATION_LEVEL = 0;
				GCC_PREPROCESSOR_DEFINITIONS = (
					"DEBUG=1",
					"$(inherited)",
				);
				GCC_WARN_64_TO_32_BIT_CONVERSION = YES;
				GCC_WARN_ABOUT_RETURN_TYPE = YES_ERROR;
				GCC_WARN_UNDECLARED_SELECTOR = YES;
				GCC_WARN_UNINITIALIZED_AUTOS = YES_AGGRESSIVE;
				GCC_WARN_UNUSED_FUNCTION = YES;
				GCC_WARN_UNUSED_VARIABLE = YES;
				IPHONEOS_DEPLOYMENT_TARGET = 11.2;
				MTL_ENABLE_DEBUG_INFO = YES;
				ONLY_ACTIVE_ARCH = YES;
				SDKROOT = iphoneos;
			};
			name = Debug;
		};
		4392EC441FF1EE3000F2A5F4 /* Release */ = {
			isa = XCBuildConfiguration;
			buildSettings = {
				ALWAYS_SEARCH_USER_PATHS = NO;
				CLANG_ANALYZER_NONNULL = YES;
				CLANG_ANALYZER_NUMBER_OBJECT_CONVERSION = YES_AGGRESSIVE;
				CLANG_CXX_LANGUAGE_STANDARD = "gnu++14";
				CLANG_CXX_LIBRARY = "libc++";
				CLANG_ENABLE_MODULES = YES;
				CLANG_ENABLE_OBJC_ARC = YES;
				CLANG_WARN_BLOCK_CAPTURE_AUTORELEASING = YES;
				CLANG_WARN_BOOL_CONVERSION = YES;
				CLANG_WARN_COMMA = YES;
				CLANG_WARN_CONSTANT_CONVERSION = YES;
				CLANG_WARN_DIRECT_OBJC_ISA_USAGE = YES_ERROR;
				CLANG_WARN_DOCUMENTATION_COMMENTS = YES;
				CLANG_WARN_EMPTY_BODY = YES;
				CLANG_WARN_ENUM_CONVERSION = YES;
				CLANG_WARN_INFINITE_RECURSION = YES;
				CLANG_WARN_INT_CONVERSION = YES;
				CLANG_WARN_NON_LITERAL_NULL_CONVERSION = YES;
				CLANG_WARN_OBJC_LITERAL_CONVERSION = YES;
				CLANG_WARN_OBJC_ROOT_CLASS = YES_ERROR;
				CLANG_WARN_RANGE_LOOP_ANALYSIS = YES;
				CLANG_WARN_STRICT_PROTOTYPES = YES;
				CLANG_WARN_SUSPICIOUS_MOVE = YES;
				CLANG_WARN_UNGUARDED_AVAILABILITY = YES_AGGRESSIVE;
				CLANG_WARN_UNREACHABLE_CODE = YES;
				CLANG_WARN__DUPLICATE_METHOD_MATCH = YES;
				CODE_SIGN_IDENTITY = "iPhone Developer";
				COPY_PHASE_STRIP = NO;
				DEBUG_INFORMATION_FORMAT = "dwarf-with-dsym";
				ENABLE_NS_ASSERTIONS = NO;
				ENABLE_STRICT_OBJC_MSGSEND = YES;
				GCC_C_LANGUAGE_STANDARD = gnu11;
				GCC_NO_COMMON_BLOCKS = YES;
				GCC_WARN_64_TO_32_BIT_CONVERSION = YES;
				GCC_WARN_ABOUT_RETURN_TYPE = YES_ERROR;
				GCC_WARN_UNDECLARED_SELECTOR = YES;
				GCC_WARN_UNINITIALIZED_AUTOS = YES_AGGRESSIVE;
				GCC_WARN_UNUSED_FUNCTION = YES;
				GCC_WARN_UNUSED_VARIABLE = YES;
				IPHONEOS_DEPLOYMENT_TARGET = 11.2;
				MTL_ENABLE_DEBUG_INFO = NO;
				SDKROOT = iphoneos;
				VALIDATE_PRODUCT = YES;
			};
			name = Release;
		};
		4392EC461FF1EE3000F2A5F4 /* Debug */ = {
			isa = XCBuildConfiguration;
			buildSettings = {
				ASSETCATALOG_COMPILER_APPICON_NAME = AppIcon;
				CODE_SIGN_STYLE = Automatic;
				INFOPLIST_FILE = DMUIButtonDemo/Info.plist;
				LD_RUNPATH_SEARCH_PATHS = "$(inherited) @executable_path/Frameworks";
				PRODUCT_BUNDLE_IDENTIFIER = DoubleMint.DMUIButtonDemo;
				PRODUCT_NAME = "$(TARGET_NAME)";
				TARGETED_DEVICE_FAMILY = "1,2";
			};
			name = Debug;
		};
		4392EC471FF1EE3000F2A5F4 /* Release */ = {
			isa = XCBuildConfiguration;
			buildSettings = {
				ASSETCATALOG_COMPILER_APPICON_NAME = AppIcon;
				CODE_SIGN_STYLE = Automatic;
				INFOPLIST_FILE = DMUIButtonDemo/Info.plist;
				LD_RUNPATH_SEARCH_PATHS = "$(inherited) @executable_path/Frameworks";
				PRODUCT_BUNDLE_IDENTIFIER = DoubleMint.DMUIButtonDemo;
				PRODUCT_NAME = "$(TARGET_NAME)";
				TARGETED_DEVICE_FAMILY = "1,2";
			};
			name = Release;
		};
		4392EC491FF1EE3000F2A5F4 /* Debug */ = {
			isa = XCBuildConfiguration;
			buildSettings = {
				BUNDLE_LOADER = "$(TEST_HOST)";
				CODE_SIGN_STYLE = Automatic;
				INFOPLIST_FILE = DMUIButtonDemoTests/Info.plist;
				LD_RUNPATH_SEARCH_PATHS = "$(inherited) @executable_path/Frameworks @loader_path/Frameworks";
				PRODUCT_BUNDLE_IDENTIFIER = DoubleMint.DMUIButtonDemoTests;
				PRODUCT_NAME = "$(TARGET_NAME)";
				TARGETED_DEVICE_FAMILY = "1,2";
				TEST_HOST = "$(BUILT_PRODUCTS_DIR)/DMUIButtonDemo.app/DMUIButtonDemo";
			};
			name = Debug;
		};
		4392EC4A1FF1EE3000F2A5F4 /* Release */ = {
			isa = XCBuildConfiguration;
			buildSettings = {
				BUNDLE_LOADER = "$(TEST_HOST)";
				CODE_SIGN_STYLE = Automatic;
				INFOPLIST_FILE = DMUIButtonDemoTests/Info.plist;
				LD_RUNPATH_SEARCH_PATHS = "$(inherited) @executable_path/Frameworks @loader_path/Frameworks";
				PRODUCT_BUNDLE_IDENTIFIER = DoubleMint.DMUIButtonDemoTests;
				PRODUCT_NAME = "$(TARGET_NAME)";
				TARGETED_DEVICE_FAMILY = "1,2";
				TEST_HOST = "$(BUILT_PRODUCTS_DIR)/DMUIButtonDemo.app/DMUIButtonDemo";
			};
			name = Release;
		};
		4392EC4C1FF1EE3000F2A5F4 /* Debug */ = {
			isa = XCBuildConfiguration;
			buildSettings = {
				CODE_SIGN_STYLE = Automatic;
				INFOPLIST_FILE = DMUIButtonDemoUITests/Info.plist;
				LD_RUNPATH_SEARCH_PATHS = "$(inherited) @executable_path/Frameworks @loader_path/Frameworks";
				PRODUCT_BUNDLE_IDENTIFIER = DoubleMint.DMUIButtonDemoUITests;
				PRODUCT_NAME = "$(TARGET_NAME)";
				TARGETED_DEVICE_FAMILY = "1,2";
				TEST_TARGET_NAME = DMUIButtonDemo;
			};
			name = Debug;
		};
		4392EC4D1FF1EE3000F2A5F4 /* Release */ = {
			isa = XCBuildConfiguration;
			buildSettings = {
				CODE_SIGN_STYLE = Automatic;
				INFOPLIST_FILE = DMUIButtonDemoUITests/Info.plist;
				LD_RUNPATH_SEARCH_PATHS = "$(inherited) @executable_path/Frameworks @loader_path/Frameworks";
				PRODUCT_BUNDLE_IDENTIFIER = DoubleMint.DMUIButtonDemoUITests;
				PRODUCT_NAME = "$(TARGET_NAME)";
				TARGETED_DEVICE_FAMILY = "1,2";
				TEST_TARGET_NAME = DMUIButtonDemo;
			};
			name = Release;
		};
/* End XCBuildConfiguration section */

/* Begin XCConfigurationList section */
		4392EC141FF1EE2F00F2A5F4 /* Build configuration list for PBXProject "DMUIButtonDemo" */ = {
			isa = XCConfigurationList;
			buildConfigurations = (
				4392EC431FF1EE3000F2A5F4 /* Debug */,
				4392EC441FF1EE3000F2A5F4 /* Release */,
			);
			defaultConfigurationIsVisible = 0;
			defaultConfigurationName = Release;
		};
		4392EC451FF1EE3000F2A5F4 /* Build configuration list for PBXNativeTarget "DMUIButtonDemo" */ = {
			isa = XCConfigurationList;
			buildConfigurations = (
				4392EC461FF1EE3000F2A5F4 /* Debug */,
				4392EC471FF1EE3000F2A5F4 /* Release */,
			);
			defaultConfigurationIsVisible = 0;
			defaultConfigurationName = Release;
		};
		4392EC481FF1EE3000F2A5F4 /* Build configuration list for PBXNativeTarget "DMUIButtonDemoTests" */ = {
			isa = XCConfigurationList;
			buildConfigurations = (
				4392EC491FF1EE3000F2A5F4 /* Debug */,
				4392EC4A1FF1EE3000F2A5F4 /* Release */,
			);
			defaultConfigurationIsVisible = 0;
			defaultConfigurationName = Release;
		};
		4392EC4B1FF1EE3000F2A5F4 /* Build configuration list for PBXNativeTarget "DMUIButtonDemoUITests" */ = {
			isa = XCConfigurationList;
			buildConfigurations = (
				4392EC4C1FF1EE3000F2A5F4 /* Debug */,
				4392EC4D1FF1EE3000F2A5F4 /* Release */,
			);
			defaultConfigurationIsVisible = 0;
			defaultConfigurationName = Release;
		};
/* End XCConfigurationList section */
	};
	rootObject = 4392EC111FF1EE2F00F2A5F4 /* Project object */;
}
